# THIS IS AN AUTOGENERATED FILE. DO NOT EDIT THIS FILE DIRECTLY.
# yarn lockfile v1


"@lukeed/csprng@^1.0.0":
  version "1.1.0"
  resolved "https://registry.yarnpkg.com/@lukeed/csprng/-/csprng-1.1.0.tgz#1e3e4bd05c1cc7a0b2ddbd8a03f39f6e4b5e6cfe"
  integrity sha512-Z7C/xXCiGWsg0KuKsHTKJxbWhpI3Vs5GwLfOean7MGyVFGqdRgBbAjOCh6u4bbjPc/8MJ2pZmK/0DLdCbivLDA==

"@nestjs/common@^11.0.10":
  version "11.0.10"
  resolved "https://registry.yarnpkg.com/@nestjs/common/-/common-11.0.10.tgz#c300168171896d0ae7d189e5237ab6c30d1b64ef"
  integrity sha512-pzGXp14KF2Q4CDZGQgPK4l8zEg7i6cNkb+10yc8ZA5K41cLe3ZbWW1YxtY2e/glHauOJwTLSVjH4tiRVtOTizg==
  dependencies:
    uid "2.0.2"
    iterare "1.2.1"
    tslib "2.8.1"

"@nestjs/core@^11.0.10":
  version "11.0.10"
  resolved "https://registry.yarnpkg.com/@nestjs/core/-/core-11.0.10.tgz#d75ecbf0a51e3be194c0827812a474d6e97d1c4a"
  integrity sha512-f0qB8ztNWZeAD4E4fUdHConmNYCa/A78U7WJu5mX9OLYfOAs3ESYCDfsH9MRUvkA4Ft4Y1uMmyJo5L4fg4+beg==
  dependencies:
    uid "2.0.2"
    "@nuxt/opencollective" "0.4.1"
    fast-safe-stringify "2.1.1"
    iterare "1.2.1"
    path-to-regexp "8.2.0"
    tslib "2.8.1"

"@nuxt/opencollective@0.4.1":
  version "0.4.1"
  resolved "https://registry.yarnpkg.com/@nuxt/opencollective/-/opencollective-0.4.1.tgz#57bc41d2b03b2fba20b935c15950ac0f4bd2cea2"
  integrity sha512-GXD3wy50qYbxCJ652bDrDzgMr3NFEkIS374+IgFQKkCvk9yiYcLvX2XDYr7UyQxf4wK0e+yqDYRubZ0DtOxnmQ==
  dependencies:
    consola "^3.2.3"

"@types/node@^22.13.5":
  version "22.13.5"
  resolved "https://registry.yarnpkg.com/@types/node/-/node-22.13.5.tgz#23add1d71acddab2c6a4d31db89c0f98d330b511"
  integrity sha512-+lTU0PxZXn0Dr1NBtC7Y8cR21AJr87dLLU953CWA6pMxxv/UDc7jYAY90upcrie1nRcD6XNG5HOYEDtgW5TxAg==
  dependencies:
    undici-types "~6.20.0"

consola@^3.2.3:
  version "3.4.0"
  resolved "https://registry.yarnpkg.com/consola/-/consola-3.4.0.tgz#4cfc9348fd85ed16a17940b3032765e31061ab88"
  integrity sha512-EiPU8G6dQG0GFHNR8ljnZFki/8a+cQwEQ+7wpxdChl02Q8HXlwEZWD5lqAF8vC2sEC3Tehr8hy7vErz88LHyUA==

fast-safe-stringify@2.1.1:
  version "2.1.1"
  resolved "https://registry.yarnpkg.com/fast-safe-stringify/-/fast-safe-stringify-2.1.1.tgz#c406a83b6e70d9e35ce3b30a81141df30aeba884"
  integrity sha512-W+KJc2dmILlPplD/H4K9l9LcAHAfPtP6BY84uVLXQ6Evcz9Lcg33Y2z1IVblT6xdY54PXYVHEv+0Wpq8Io6zkA==

iterare@1.2.1:
  version "1.2.1"
  resolved "https://registry.yarnpkg.com/iterare/-/iterare-1.2.1.tgz#139c400ff7363690e33abffa33cbba8920f00042"
  integrity sha512-RKYVTCjAnRthyJes037NX/IiqeidgN1xc3j1RjFfECFp28A1GVwK9nA+i0rJPaHqSZwygLzRnFlzUuHFoWWy+Q==

path-to-regexp@8.2.0:
  version "8.2.0"
  resolved "https://registry.yarnpkg.com/path-to-regexp/-/path-to-regexp-8.2.0.tgz#73990cc29e57a3ff2a0d914095156df5db79e8b4"
  integrity sha512-TdrF7fW9Rphjq4RjrW0Kp2AW0Ahwu9sRGTkS6bvDi0SCwZlEZYmcfDbEsTz8RVk0EHIS/Vd1bv3JhG+1xZuAyQ==

rxjs@^7.8.2:
  version "7.8.2"
  resolved "https://registry.yarnpkg.com/rxjs/-/rxjs-7.8.2.tgz#955bc473ed8af11a002a2be52071bf475638607b"
  integrity sha512-dhKf903U/PQZY6boNNtAGdWbG85WAbjT/1xYoZIC7FAY0yWapOBQVsVrDl58W86//e1VpMNBtRV4MaXfdMySFA==
  dependencies:
    tslib "^2.1.0"

tslib@2.8.1, tslib@^2.1.0:
  version "2.8.1"
  resolved "https://registry.yarnpkg.com/tslib/-/tslib-2.8.1.tgz#612efe4ed235d567e8aba5f2a5fab70280ade83f"
  integrity sha512-oJFu94HQb+KVduSUQL7wnpmqnfmLsOA/nAh6b6EH0wCEoK0/mPeXU6c3wKDV83MkOuHPRHtSXKKU99IBazS/2w==

typescript@^5.0.0:
  version "5.7.3"
  resolved "https://registry.yarnpkg.com/typescript/-/typescript-5.7.3.tgz#919b44a7dbb8583a9b856d162be24a54bf80073e"
  integrity sha512-84MVSjMEHP+FQRPy3pX9sTVV/INIex71s9TL2Gm5FG/WG1SqXeKyZ0k7/blY/4FdOzI12CBy1vGc4og/eus0fw==

uid@2.0.2:
  version "2.0.2"
  resolved "https://registry.yarnpkg.com/uid/-/uid-2.0.2.tgz#4b5782abf0f2feeefc00fa88006b2b3b7af3e3b9"
  integrity sha512-u3xV3X7uzvi5b1MncmZo3i2Aw222Zk1keqLA1YkHldREkAhAqi65wuPfe7lHx8H/Wzy+8CE7S7uS3jekIM5s8g==
  dependencies:
    "@lukeed/csprng" "^1.0.0"

undici-types@~6.20.0:
  version "6.20.0"
  resolved "https://registry.yarnpkg.com/undici-types/-/undici-types-6.20.0.tgz#8171bf22c1f588d1554d55bf204bc624af388433"
  integrity sha512-Ny6QZ2Nju20vw1SRHe3d9jVu6gJ+4e3+MMpqu7pqE5HT6WsTSlce++GQmK5UXS8mzV8DSYHrQH+Xrf2jVcuKNg==
